<?xml version="1.0" encoding="utf-8"?>
<Project ToolsVersion="4.0" xmlns="http://schemas.microsoft.com/developer/msbuild/2003">
  <ItemGroup>
    <Filter Include="Source Files">
      <UniqueIdentifier>{4FC737F1-C7A5-4376-A066-2A32D752A2FF}</UniqueIdentifier>
      <Extensions>cpp;c;cc;cxx;def;odl;idl;hpj;bat;asm;asmx</Extensions>
    </Filter>
    <Filter Include="Header Files">
      <UniqueIdentifier>{93995380-89BD-4b04-88EB-625FBE52EBFB}</UniqueIdentifier>
      <Extensions>h;hh;hpp;hxx;hm;inl;inc;xsd</Extensions>
    </Filter>
    <Filter Include="Misc Files">
      <UniqueIdentifier>{67DA6AB6-F800-4c08-8B7A-83BB121AAD01}</UniqueIdentifier>
      <Extensions>xml;json;txt;rc;ico;cur;bmp;dlg;rc2;rct;bin;rgs;gif;jpg;jpeg;jpe;resx;tiff;tif;png;wav;mfcribbon-ms</Extensions>
    </Filter>
    <Filter Include="ui">
      <UniqueIdentifier>{cb84c2c1-d9b8-4183-bfb2-fac22ba2e169}</UniqueIdentifier>
    </Filter>
  </ItemGroup>
  <ItemGroup>
    <None Include="src\arduino folders read me.txt">
      <Filter>Misc Files</Filter>
    </None>
  </ItemGroup>
  <ItemGroup>
    <ClCompile Include="DisplayApp.ino" />
    <ClCompile Include="images.c">
      <Filter>ui</Filter>
    </ClCompile>
    <ClCompile Include="screens.c">
      <Filter>ui</Filter>
    </ClCompile>
    <ClCompile Include="styles.c">
      <Filter>ui</Filter>
    </ClCompile>
    <ClCompile Include="ui.c">
      <Filter>ui</Filter>
    </ClCompile>
    <ClCompile Include="ui_font_font_capture.c">
      <Filter>ui</Filter>
    </ClCompile>
    <ClCompile Include="ui_font_font_cleanwork_tiny.c">
      <Filter>ui</Filter>
    </ClCompile>
    <ClCompile Include="ui_image_icon_door_opened.c">
      <Filter>ui</Filter>
    </ClCompile>
    <ClCompile Include="ui_image_icon_fan.c">
      <Filter>ui</Filter>
    </ClCompile>
    <ClCompile Include="ui_image_icon_menu_pressed.c">
      <Filter>ui</Filter>
    </ClCompile>
    <ClCompile Include="ui_image_icon_menu_released.c">
      <Filter>ui</Filter>
    </ClCompile>
  </ItemGroup>
  <ItemGroup>
    <ClInclude Include="__vm\.DisplayApp.vsarduino.h">
      <Filter>Header Files</Filter>
    </ClInclude>
    <ClInclude Include="COMMON_DEFINES.h">
      <Filter>Header Files</Filter>
    </ClInclude>
    <ClInclude Include="actions.h">
      <Filter>ui</Filter>
    </ClInclude>
    <ClInclude Include="fonts.h">
      <Filter>ui</Filter>
    </ClInclude>
    <ClInclude Include="images.h">
      <Filter>ui</Filter>
    </ClInclude>
    <ClInclude Include="screens.h">
      <Filter>ui</Filter>
    </ClInclude>
    <ClInclude Include="structs.h">
      <Filter>ui</Filter>
    </ClInclude>
    <ClInclude Include="styles.h">
      <Filter>ui</Filter>
    </ClInclude>
    <ClInclude Include="ui.h">
      <Filter>ui</Filter>
    </ClInclude>
    <ClInclude Include="vars.h">
      <Filter>ui</Filter>
    </ClInclude>
  </ItemGroup>
</Project>